// !$*UTF8*$!
{
	archiveVersion = 1;
	classes = {
	};
	objectVersion = 50;
	objects = {

/* Begin PBXBuildFile section */
		193F94F1C11F9E5014B68396 /* Pods_examen_ios.framework in Frameworks */ = {isa = PBXBuildFile; fileRef = 882912509616A4DED6934993 /* Pods_examen_ios.framework */; };
		C8F1F6D4240678B200915D4B /* AppDelegate.swift in Sources */ = {isa = PBXBuildFile; fileRef = C8F1F6D3240678B200915D4B /* AppDelegate.swift */; };
		C8F1F6D6240678B200915D4B /* ViewController.swift in Sources */ = {isa = PBXBuildFile; fileRef = C8F1F6D5240678B200915D4B /* ViewController.swift */; };
		C8F1F6D9240678B200915D4B /* Main.storyboard in Resources */ = {isa = PBXBuildFile; fileRef = C8F1F6D7240678B200915D4B /* Main.storyboard */; };
		C8F1F6DC240678B200915D4B /* examen_ios.xcdatamodeld in Sources */ = {isa = PBXBuildFile; fileRef = C8F1F6DA240678B200915D4B /* examen_ios.xcdatamodeld */; };
		C8F1F6DE240678B400915D4B /* Assets.xcassets in Resources */ = {isa = PBXBuildFile; fileRef = C8F1F6DD240678B400915D4B /* Assets.xcassets */; };
		C8F1F6E1240678B400915D4B /* LaunchScreen.storyboard in Resources */ = {isa = PBXBuildFile; fileRef = C8F1F6DF240678B400915D4B /* LaunchScreen.storyboard */; };
		C8F1F6E924067D4A00915D4B /* GoogleService-Info.plist in Resources */ = {isa = PBXBuildFile; fileRef = C8F1F6E824067D4A00915D4B /* GoogleService-Info.plist */; };
		C8F1F6EF2406885E00915D4B /* CategoriesViewController.swift in Sources */ = {isa = PBXBuildFile; fileRef = C8F1F6EE2406885E00915D4B /* CategoriesViewController.swift */; };
/* End PBXBuildFile section */

/* Begin PBXFileReference section */
		55AB381290B073A8A8FBBC39 /* Pods-examen_ios.debug.xcconfig */ = {isa = PBXFileReference; includeInIndex = 1; lastKnownFileType = text.xcconfig; name = "Pods-examen_ios.debug.xcconfig"; path = "Pods/Target Support Files/Pods-examen_ios/Pods-examen_ios.debug.xcconfig"; sourceTree = "<group>"; };
		882912509616A4DED6934993 /* Pods_examen_ios.framework */ = {isa = PBXFileReference; explicitFileType = wrapper.framework; includeInIndex = 0; path = Pods_examen_ios.framework; sourceTree = BUILT_PRODUCTS_DIR; };
		C8F1F6D0240678B200915D4B /* examen_ios.app */ = {isa = PBXFileReference; explicitFileType = wrapper.application; includeInIndex = 0; path = examen_ios.app; sourceTree = BUILT_PRODUCTS_DIR; };
		C8F1F6D3240678B200915D4B /* AppDelegate.swift */ = {isa = PBXFileReference; lastKnownFileType = sourcecode.swift; path = AppDelegate.swift; sourceTree = "<group>"; };
		C8F1F6D5240678B200915D4B /* ViewController.swift */ = {isa = PBXFileReference; lastKnownFileType = sourcecode.swift; path = ViewController.swift; sourceTree = "<group>"; };
		C8F1F6D8240678B200915D4B /* Base */ = {isa = PBXFileReference; lastKnownFileType = file.storyboard; name = Base; path = Base.lproj/Main.storyboard; sourceTree = "<group>"; };
		C8F1F6DB240678B200915D4B /* examen_ios.xcdatamodel */ = {isa = PBXFileReference; lastKnownFileType = wrapper.xcdatamodel; path = examen_ios.xcdatamodel; sourceTree = "<group>"; };
		C8F1F6DD240678B400915D4B /* Assets.xcassets */ = {isa = PBXFileReference; lastKnownFileType = folder.assetcatalog; path = Assets.xcassets; sourceTree = "<group>"; };
		C8F1F6E0240678B400915D4B /* Base */ = {isa = PBXFileReference; lastKnownFileType = file.storyboard; name = Base; path = Base.lproj/LaunchScreen.storyboard; sourceTree = "<group>"; };
		C8F1F6E2240678B400915D4B /* Info.plist */ = {isa = PBXFileReference; lastKnownFileType = text.plist.xml; path = Info.plist; sourceTree = "<group>"; };
		C8F1F6E824067D4A00915D4B /* GoogleService-Info.plist */ = {isa = PBXFileReference; fileEncoding = 4; lastKnownFileType = text.plist.xml; path = "GoogleService-Info.plist"; sourceTree = "<group>"; };
		C8F1F6EE2406885E00915D4B /* CategoriesViewController.swift */ = {isa = PBXFileReference; lastKnownFileType = sourcecode.swift; path = CategoriesViewController.swift; sourceTree = "<group>"; };
		F257B7CC59CB25169BEA2D17 /* Pods-examen_ios.release.xcconfig */ = {isa = PBXFileReference; includeInIndex = 1; lastKnownFileType = text.xcconfig; name = "Pods-examen_ios.release.xcconfig"; path = "Pods/Target Support Files/Pods-examen_ios/Pods-examen_ios.release.xcconfig"; sourceTree = "<group>"; };
/* End PBXFileReference section */

/* Begin PBXFrameworksBuildPhase section */
		C8F1F6CD240678B200915D4B /* Frameworks */ = {
			isa = PBXFrameworksBuildPhase;
			buildActionMask = 2147483647;
			files = (
				193F94F1C11F9E5014B68396 /* Pods_examen_ios.framework in Frameworks */,
			);
			runOnlyForDeploymentPostprocessing = 0;
		};
/* End PBXFrameworksBuildPhase section */

/* Begin PBXGroup section */
		119E4486B7123CB6215B5BA2 /* Frameworks */ = {
			isa = PBXGroup;
			children = (
				882912509616A4DED6934993 /* Pods_examen_ios.framework */,
			);
			name = Frameworks;
			sourceTree = "<group>";
		};
		146E228D18E59826F58CC168 /* Pods */ = {
			isa = PBXGroup;
			children = (
				55AB381290B073A8A8FBBC39 /* Pods-examen_ios.debug.xcconfig */,
				F257B7CC59CB25169BEA2D17 /* Pods-examen_ios.release.xcconfig */,
			);
			name = Pods;
			sourceTree = "<group>";
		};
		C8F1F6C7240678B200915D4B = {
			isa = PBXGroup;
			children = (
				C8F1F6D2240678B200915D4B /* examen_ios */,
				C8F1F6D1240678B200915D4B /* Products */,
				146E228D18E59826F58CC168 /* Pods */,
				119E4486B7123CB6215B5BA2 /* Frameworks */,
			);
			sourceTree = "<group>";
		};
		C8F1F6D1240678B200915D4B /* Products */ = {
			isa = PBXGroup;
			children = (
				C8F1F6D0240678B200915D4B /* examen_ios.app */,
			);
			name = Products;
			sourceTree = "<group>";
		};
		C8F1F6D2240678B200915D4B /* examen_ios */ = {
			isa = PBXGroup;
			children = (
				C8F1F6EB240687F800915D4B /* features */,
				C8F1F6EA240687DC00915D4B /* app */,
				C8F1F6DD240678B400915D4B /* Assets.xcassets */,
				C8F1F6E824067D4A00915D4B /* GoogleService-Info.plist */,
				C8F1F6E2240678B400915D4B /* Info.plist */,
				C8F1F6DA240678B200915D4B /* examen_ios.xcdatamodeld */,
			);
			path = examen_ios;
			sourceTree = "<group>";
		};
		C8F1F6EA240687DC00915D4B /* app */ = {
			isa = PBXGroup;
			children = (
				C8F1F6D3240678B200915D4B /* AppDelegate.swift */,
				C8F1F6DF240678B400915D4B /* LaunchScreen.storyboard */,
			);
			path = app;
			sourceTree = "<group>";
		};
		C8F1F6EB240687F800915D4B /* features */ = {
			isa = PBXGroup;
			children = (
				C8F1F6ED2406881700915D4B /* categories */,
				C8F1F6D7240678B200915D4B /* Main.storyboard */,
				C8F1F6EC2406880300915D4B /* login */,
			);
			path = features;
			sourceTree = "<group>";
		};
		C8F1F6EC2406880300915D4B /* login */ = {
			isa = PBXGroup;
			children = (
				C8F1F6D5240678B200915D4B /* ViewController.swift */,
			);
			path = login;
			sourceTree = "<group>";
		};
		C8F1F6ED2406881700915D4B /* categories */ = {
			isa = PBXGroup;
			children = (
				C8F1F6EE2406885E00915D4B /* CategoriesViewController.swift */,
			);
			path = categories;
			sourceTree = "<group>";
		};
/* End PBXGroup section */

/* Begin PBXNativeTarget section */
		C8F1F6CF240678B200915D4B /* examen_ios */ = {
			isa = PBXNativeTarget;
			buildConfigurationList = C8F1F6E5240678B400915D4B /* Build configuration list for PBXNativeTarget "examen_ios" */;
			buildPhases = (
				6D1F983F7077AFAE9E44EBAE /* [CP] Check Pods Manifest.lock */,
				C8F1F6CC240678B200915D4B /* Sources */,
				C8F1F6CD240678B200915D4B /* Frameworks */,
				C8F1F6CE240678B200915D4B /* Resources */,
				32CBF009D6623393EFD57856 /* [CP] Embed Pods Frameworks */,
				A69D51B34A7F3AA051DCAFB1 /* [CP] Copy Pods Resources */,
			);
			buildRules = (
			);
			dependencies = (
			);
			name = examen_ios;
			productName = examen_ios;
			productReference = C8F1F6D0240678B200915D4B /* examen_ios.app */;
			productType = "com.apple.product-type.application";
		};
/* End PBXNativeTarget section */

/* Begin PBXProject section */
		C8F1F6C8240678B200915D4B /* Project object */ = {
			isa = PBXProject;
			attributes = {
				LastSwiftUpdateCheck = 0930;
				LastUpgradeCheck = 0930;
				ORGANIZATIONNAME = "Jaime Casado Aparicio";
				TargetAttributes = {
					C8F1F6CF240678B200915D4B = {
						CreatedOnToolsVersion = 9.3;
					};
				};
			};
			buildConfigurationList = C8F1F6CB240678B200915D4B /* Build configuration list for PBXProject "examen_ios" */;
			compatibilityVersion = "Xcode 9.3";
			developmentRegion = en;
			hasScannedForEncodings = 0;
			knownRegions = (
				en,
				Base,
			);
			mainGroup = C8F1F6C7240678B200915D4B;
			productRefGroup = C8F1F6D1240678B200915D4B /* Products */;
			projectDirPath = "";
			projectRoot = "";
			targets = (
				C8F1F6CF240678B200915D4B /* examen_ios */,
			);
		};
/* End PBXProject section */

/* Begin PBXResourcesBuildPhase section */
		C8F1F6CE240678B200915D4B /* Resources */ = {
			isa = PBXResourcesBuildPhase;
			buildActionMask = 2147483647;
			files = (
				C8F1F6E1240678B400915D4B /* LaunchScreen.storyboard in Resources */,
				C8F1F6E924067D4A00915D4B /* GoogleService-Info.plist in Resources */,
				C8F1F6DE240678B400915D4B /* Assets.xcassets in Resources */,
				C8F1F6D9240678B200915D4B /* Main.storyboard in Resources */,
			);
			runOnlyForDeploymentPostprocessing = 0;
		};
/* End PBXResourcesBuildPhase section */

/* Begin PBXShellScriptBuildPhase section */
		32CBF009D6623393EFD57856 /* [CP] Embed Pods Frameworks */ = {
			isa = PBXShellScriptBuildPhase;
			buildActionMask = 2147483647;
			files = (
			);
			inputPaths = (
				"${SRCROOT}/Pods/Target Support Files/Pods-examen_ios/Pods-examen_ios-frameworks.sh",
				"${BUILT_PRODUCTS_DIR}/BoringSSL-GRPC/openssl_grpc.framework",
				"${BUILT_PRODUCTS_DIR}/GTMOAuth2/GTMOAuth2.framework",
				"${BUILT_PRODUCTS_DIR}/GTMSessionFetcher/GTMSessionFetcher.framework",
				"${BUILT_PRODUCTS_DIR}/GoogleToolboxForMac/GoogleToolboxForMac.framework",
				"${BUILT_PRODUCTS_DIR}/GoogleUtilities/GoogleUtilities.framework",
				"${BUILT_PRODUCTS_DIR}/Protobuf/Protobuf.framework",
				"${BUILT_PRODUCTS_DIR}/gRPC-C++/grpcpp.framework",
				"${BUILT_PRODUCTS_DIR}/gRPC-Core/grpc.framework",
				"${BUILT_PRODUCTS_DIR}/leveldb-library/leveldb.framework",
				"${BUILT_PRODUCTS_DIR}/nanopb/nanopb.framework",
			);
			name = "[CP] Embed Pods Frameworks";
			outputPaths = (
				"${TARGET_BUILD_DIR}/${FRAMEWORKS_FOLDER_PATH}/openssl_grpc.framework",
				"${TARGET_BUILD_DIR}/${FRAMEWORKS_FOLDER_PATH}/GTMOAuth2.framework",
				"${TARGET_BUILD_DIR}/${FRAMEWORKS_FOLDER_PATH}/GTMSessionFetcher.framework",
				"${TARGET_BUILD_DIR}/${FRAMEWORKS_FOLDER_PATH}/GoogleToolboxForMac.framework",
				"${TARGET_BUILD_DIR}/${FRAMEWORKS_FOLDER_PATH}/GoogleUtilities.framework",
				"${TARGET_BUILD_DIR}/${FRAMEWORKS_FOLDER_PATH}/Protobuf.framework",
				"${TARGET_BUILD_DIR}/${FRAMEWORKS_FOLDER_PATH}/grpcpp.framework",
				"${TARGET_BUILD_DIR}/${FRAMEWORKS_FOLDER_PATH}/grpc.framework",
				"${TARGET_BUILD_DIR}/${FRAMEWORKS_FOLDER_PATH}/leveldb.framework",
				"${TARGET_BUILD_DIR}/${FRAMEWORKS_FOLDER_PATH}/nanopb.framework",
			);
			runOnlyForDeploymentPostprocessing = 0;
			shellPath = /bin/sh;
			shellScript = "\"${SRCROOT}/Pods/Target Support Files/Pods-examen_ios/Pods-examen_ios-frameworks.sh\"\n";
			showEnvVarsInLog = 0;
		};
		6D1F983F7077AFAE9E44EBAE /* [CP] Check Pods Manifest.lock */ = {
			isa = PBXShellScriptBuildPhase;
			buildActionMask = 2147483647;
			files = (
			);
			inputPaths = (
				"${PODS_PODFILE_DIR_PATH}/Podfile.lock",
				"${PODS_ROOT}/Manifest.lock",
			);
			name = "[CP] Check Pods Manifest.lock";
			outputPaths = (
				"$(DERIVED_FILE_DIR)/Pods-examen_ios-checkManifestLockResult.txt",
			);
			runOnlyForDeploymentPostprocessing = 0;
			shellPath = /bin/sh;
			shellScript = "diff \"${PODS_PODFILE_DIR_PATH}/Podfile.lock\" \"${PODS_ROOT}/Manifest.lock\" > /dev/null\nif [ $? != 0 ] ; then\n    # print error to STDERR\n    echo \"error: The sandbox is not in sync with the Podfile.lock. Run 'pod install' or update your CocoaPods installation.\" >&2\n    exit 1\nfi\n# This output is used by Xcode 'outputs' to avoid re-running this script phase.\necho \"SUCCESS\" > \"${SCRIPT_OUTPUT_FILE_0}\"\n";
			showEnvVarsInLog = 0;
		};
		A69D51B34A7F3AA051DCAFB1 /* [CP] Copy Pods Resources */ = {
			isa = PBXShellScriptBuildPhase;
			buildActionMask = 2147483647;
			files = (
			);
			inputPaths = (
				"${SRCROOT}/Pods/Target Support Files/Pods-examen_ios/Pods-examen_ios-resources.sh",
				"${PODS_ROOT}/GoogleSignIn/Resources/GoogleSignIn.bundle",
			);
			name = "[CP] Copy Pods Resources";
			outputPaths = (
				"${TARGET_BUILD_DIR}/${UNLOCALIZED_RESOURCES_FOLDER_PATH}/GoogleSignIn.bundle",
			);
			runOnlyForDeploymentPostprocessing = 0;
			shellPath = /bin/sh;
			shellScript = "\"${SRCROOT}/Pods/Target Support Files/Pods-examen_ios/Pods-examen_ios-resources.sh\"\n";
			showEnvVarsInLog = 0;
		};
/* End PBXShellScriptBuildPhase section */

/* Begin PBXSourcesBuildPhase section */
		C8F1F6CC240678B200915D4B /* Sources */ = {
			isa = PBXSourcesBuildPhase;
			buildActionMask = 2147483647;
			files = (
				C8F1F6DC240678B200915D4B /* examen_ios.xcdatamodeld in Sources */,
				C8F1F6D6240678B200915D4B /* ViewController.swift in Sources */,
				C8F1F6EF2406885E00915D4B /* CategoriesViewController.swift in Sources */,
				C8F1F6D4240678B200915D4B /* AppDelegate.swift in Sources */,
			);
			runOnlyForDeploymentPostprocessing = 0;
		};
/* End PBXSourcesBuildPhase section */

/* Begin PBXVariantGroup section */
		C8F1F6D7240678B200915D4B /* Main.storyboard */ = {
			isa = PBXVariantGroup;
			children = (
				C8F1F6D8240678B200915D4B /* Base */,
			);
			name = Main.storyboard;
			sourceTree = "<group>";
		};
		C8F1F6DF240678B400915D4B /* LaunchScreen.storyboard */ = {
			isa = PBXVariantGroup;
			children = (
				C8F1F6E0240678B400915D4B /* Base */,
			);
			name = LaunchScreen.storyboard;
			sourceTree = "<group>";
		};
/* End PBXVariantGroup section */

/* Begin XCBuildConfiguration section */
		C8F1F6E3240678B400915D4B /* Debug */ = {
			isa = XCBuildConfiguration;
			buildSettings = {
				ALWAYS_SEARCH_USER_PATHS = NO;
				CLANG_ANALYZER_NONNULL = YES;
				CLANG_ANALYZER_NUMBER_OBJECT_CONVERSION = YES_AGGRESSIVE;
				CLANG_CXX_LANGUAGE_STANDARD = "gnu++14";
				CLANG_CXX_LIBRARY = "libc++";
				CLANG_ENABLE_MODULES = YES;
				CLANG_ENABLE_OBJC_ARC = YES;
				CLANG_ENABLE_OBJC_WEAK = YES;
				CLANG_WARN_BLOCK_CAPTURE_AUTORELEASING = YES;
				CLANG_WARN_BOOL_CONVERSION = YES;
				CLANG_WARN_COMMA = YES;
				CLANG_WARN_CONSTANT_CONVERSION = YES;
				CLANG_WARN_DEPRECATED_OBJC_IMPLEMENTATIONS = YES;
				CLANG_WARN_DIRECT_OBJC_ISA_USAGE = YES_ERROR;
				CLANG_WARN_DOCUMENTATION_COMMENTS = YES;
				CLANG_WARN_EMPTY_BODY = YES;
				CLANG_WARN_ENUM_CONVERSION = YES;
				CLANG_WARN_INFINITE_RECURSION = YES;
				CLANG_WARN_INT_CONVERSION = YES;
				CLANG_WARN_NON_LITERAL_NULL_CONVERSION = YES;
				CLANG_WARN_OBJC_IMPLICIT_RETAIN_SELF = YES;
				CLANG_WARN_OBJC_LITERAL_CONVERSION = YES;
				CLANG_WARN_OBJC_ROOT_CLASS = YES_ERROR;
				CLANG_WARN_RANGE_LOOP_ANALYSIS = YES;
				CLANG_WARN_STRICT_PROTOTYPES = YES;
				CLANG_WARN_SUSPICIOUS_MOVE = YES;
				CLANG_WARN_UNGUARDED_AVAILABILITY = YES_AGGRESSIVE;
				CLANG_WARN_UNREACHABLE_CODE = YES;
				CLANG_WARN__DUPLICATE_METHOD_MATCH = YES;
				CODE_SIGN_IDENTITY = "iPhone Developer";
				COPY_PHASE_STRIP = NO;
				DEBUG_INFORMATION_FORMAT = dwarf;
				ENABLE_STRICT_OBJC_MSGSEND = YES;
				ENABLE_TESTABILITY = YES;
				GCC_C_LANGUAGE_STANDARD = gnu11;
				GCC_DYNAMIC_NO_PIC = NO;
				GCC_NO_COMMON_BLOCKS = YES;
				GCC_OPTIMIZATION_LEVEL = 0;
				GCC_PREPROCESSOR_DEFINITIONS = (
					"DEBUG=1",
					"$(inherited)",
				);
				GCC_WARN_64_TO_32_BIT_CONVERSION = YES;
				GCC_WARN_ABOUT_RETURN_TYPE = YES_ERROR;
				GCC_WARN_UNDECLARED_SELECTOR = YES;
				GCC_WARN_UNINITIALIZED_AUTOS = YES_AGGRESSIVE;
				GCC_WARN_UNUSED_FUNCTION = YES;
				GCC_WARN_UNUSED_VARIABLE = YES;
				IPHONEOS_DEPLOYMENT_TARGET = 11.3;
				MTL_ENABLE_DEBUG_INFO = YES;
				ONLY_ACTIVE_ARCH = YES;
				SDKROOT = iphoneos;
				SWIFT_ACTIVE_COMPILATION_CONDITIONS = DEBUG;
				SWIFT_OPTIMIZATION_LEVEL = "-Onone";
			};
			name = Debug;
		};
		C8F1F6E4240678B400915D4B /* Release */ = {
			isa = XCBuildConfiguration;
			buildSettings = {
				ALWAYS_SEARCH_USER_PATHS = NO;
				CLANG_ANALYZER_NONNULL = YES;
				CLANG_ANALYZER_NUMBER_OBJECT_CONVERSION = YES_AGGRESSIVE;
				CLANG_CXX_LANGUAGE_STANDARD = "gnu++14";
				CLANG_CXX_LIBRARY = "libc++";
				CLANG_ENABLE_MODULES = YES;
				CLANG_ENABLE_OBJC_ARC = YES;
				CLANG_ENABLE_OBJC_WEAK = YES;
				CLANG_WARN_BLOCK_CAPTURE_AUTORELEASING = YES;
				CLANG_WARN_BOOL_CONVERSION = YES;
				CLANG_WARN_COMMA = YES;
				CLANG_WARN_CONSTANT_CONVERSION = YES;
				CLANG_WARN_DEPRECATED_OBJC_IMPLEMENTATIONS = YES;
				CLANG_WARN_DIRECT_OBJC_ISA_USAGE = YES_ERROR;
				CLANG_WARN_DOCUMENTATION_COMMENTS = YES;
				CLANG_WARN_EMPTY_BODY = YES;
				CLANG_WARN_ENUM_CONVERSION = YES;
				CLANG_WARN_INFINITE_RECURSION = YES;
				CLANG_WARN_INT_CONVERSION = YES;
				CLANG_WARN_NON_LITERAL_NULL_CONVERSION = YES;
				CLANG_WARN_OBJC_IMPLICIT_RETAIN_SELF = YES;
				CLANG_WARN_OBJC_LITERAL_CONVERSION = YES;
				CLANG_WARN_OBJC_ROOT_CLASS = YES_ERROR;
				CLANG_WARN_RANGE_LOOP_ANALYSIS = YES;
				CLANG_WARN_STRICT_PROTOTYPES = YES;
				CLANG_WARN_SUSPICIOUS_MOVE = YES;
				CLANG_WARN_UNGUARDED_AVAILABILITY = YES_AGGRESSIVE;
				CLANG_WARN_UNREACHABLE_CODE = YES;
				CLANG_WARN__DUPLICATE_METHOD_MATCH = YES;
				CODE_SIGN_IDENTITY = "iPhone Developer";
				COPY_PHASE_STRIP = NO;
				DEBUG_INFORMATION_FORMAT = "dwarf-with-dsym";
				ENABLE_NS_ASSERTIONS = NO;
				ENABLE_STRICT_OBJC_MSGSEND = YES;
				GCC_C_LANGUAGE_STANDARD = gnu11;
				GCC_NO_COMMON_BLOCKS = YES;
				GCC_WARN_64_TO_32_BIT_CONVERSION = YES;
				GCC_WARN_ABOUT_RETURN_TYPE = YES_ERROR;
				GCC_WARN_UNDECLARED_SELECTOR = YES;
				GCC_WARN_UNINITIALIZED_AUTOS = YES_AGGRESSIVE;
				GCC_WARN_UNUSED_FUNCTION = YES;
				GCC_WARN_UNUSED_VARIABLE = YES;
				IPHONEOS_DEPLOYMENT_TARGET = 11.3;
				MTL_ENABLE_DEBUG_INFO = NO;
				SDKROOT = iphoneos;
				SWIFT_COMPILATION_MODE = wholemodule;
				SWIFT_OPTIMIZATION_LEVEL = "-O";
				VALIDATE_PRODUCT = YES;
			};
			name = Release;
		};
		C8F1F6E6240678B400915D4B /* Debug */ = {
			isa = XCBuildConfiguration;
			baseConfigurationReference = 55AB381290B073A8A8FBBC39 /* Pods-examen_ios.debug.xcconfig */;
			buildSettings = {
				ASSETCATALOG_COMPILER_APPICON_NAME = AppIcon;
				CODE_SIGN_STYLE = Automatic;
				INFOPLIST_FILE = examen_ios/Info.plist;
				LD_RUNPATH_SEARCH_PATHS = (
					"$(inherited)",
					"@executable_path/Frameworks",
				);
				PRODUCT_BUNDLE_IDENTIFIER = "com.jca.examen-ios";
				PRODUCT_NAME = "$(TARGET_NAME)";
				SWIFT_VERSION = 4.0;
				TARGETED_DEVICE_FAMILY = "1,2";
			};
			name = Debug;
		};
		C8F1F6E7240678B400915D4B /* Release */ = {
			isa = XCBuildConfiguration;
			baseConfigurationReference = F257B7CC59CB25169BEA2D17 /* Pods-examen_ios.release.xcconfig */;
			buildSettings = {
				ASSETCATALOG_COMPILER_APPICON_NAME = AppIcon;
				CODE_SIGN_STYLE = Automatic;
				INFOPLIST_FILE = examen_ios/Info.plist;
				LD_RUNPATH_SEARCH_PATHS = (
					"$(inherited)",
					"@executable_path/Frameworks",
				);
				PRODUCT_BUNDLE_IDENTIFIER = "com.jca.examen-ios";
				PRODUCT_NAME = "$(TARGET_NAME)";
				SWIFT_VERSION = 4.0;
				TARGETED_DEVICE_FAMILY = "1,2";
			};
			name = Release;
		};
/* End XCBuildConfiguration section */

/* Begin XCConfigurationList section */
		C8F1F6CB240678B200915D4B /* Build configuration list for PBXProject "examen_ios" */ = {
			isa = XCConfigurationList;
			buildConfigurations = (
				C8F1F6E3240678B400915D4B /* Debug */,
				C8F1F6E4240678B400915D4B /* Release */,
			);
			defaultConfigurationIsVisible = 0;
			defaultConfigurationName = Release;
		};
		C8F1F6E5240678B400915D4B /* Build configuration list for PBXNativeTarget "examen_ios" */ = {
			isa = XCConfigurationList;
			buildConfigurations = (
				C8F1F6E6240678B400915D4B /* Debug */,
				C8F1F6E7240678B400915D4B /* Release */,
			);
			defaultConfigurationIsVisible = 0;
			defaultConfigurationName = Release;
		};
/* End XCConfigurationList section */

/* Begin XCVersionGroup section */
		C8F1F6DA240678B200915D4B /* examen_ios.xcdatamodeld */ = {
			isa = XCVersionGroup;
			children = (
				C8F1F6DB240678B200915D4B /* examen_ios.xcdatamodel */,
			);
			currentVersion = C8F1F6DB240678B200915D4B /* examen_ios.xcdatamodel */;
			path = examen_ios.xcdatamodeld;
			sourceTree = "<group>";
			versionGroupType = wrapper.xcdatamodel;
		};
/* End XCVersionGroup section */
	};
	rootObject = C8F1F6C8240678B200915D4B /* Project object */;
}
